<?xml version="1.0" encoding="utf-8"?>
<Project ToolsVersion="4.0" xmlns="http://schemas.microsoft.com/developer/msbuild/2003">
  <ItemGroup>
    <Filter Include="Source Files">
      <UniqueIdentifier>{185eeb13-88e8-4a6d-b7fd-537eb3176c4d}</UniqueIdentifier>
    </Filter>
    <Filter Include="Header Files">
      <UniqueIdentifier>{c30d30d5-8d1c-46d8-ad5c-a9bb6c29bec8}</UniqueIdentifier>
    </Filter>
    <Filter Include="Header Files\IIGE">
      <UniqueIdentifier>{f5abb3aa-2251-4ff6-9864-6ec8612e0ef6}</UniqueIdentifier>
    </Filter>
  </ItemGroup>
  <ItemGroup>
    <ClInclude Include="window_loop_interop.h">
      <Filter>Header Files</Filter>
    </ClInclude>
    <ClInclude Include="sfglobals.h">
      <Filter>Header Files</Filter>
    </ClInclude>
    <ClInclude Include="window.h">
      <Filter>Header Files</Filter>
    </ClInclude>
    <ClInclude Include="IIGE\globals.h">
      <Filter>Header Files\IIGE</Filter>
    </ClInclude>
    <ClInclude Include="IIGE\loop.h">
      <Filter>Header Files\IIGE</Filter>
    </ClInclude>
    <ClInclude Include="IIGE\systems_manager.h">
      <Filter>Header Files\IIGE</Filter>
    </ClInclude>
    <ClInclude Include="IIGE\window.h">
      <Filter>Header Files\IIGE</Filter>
    </ClInclude>
    <ClInclude Include="IIGE\window_loop_interop.h">
      <Filter>Header Files\IIGE</Filter>
    </ClInclude>
    <ClInclude Include="game.h">
      <Filter>Header Files</Filter>
    </ClInclude>
    <ClInclude Include="nlohmann_json.h">
      <Filter>Header Files</Filter>
    </ClInclude>
    <ClInclude Include="cuda.cuh">
      <Filter>Header Files</Filter>
    </ClInclude>
    <ClInclude Include="renderer.h">
      <Filter>Header Files</Filter>
    </ClInclude>
    <ClInclude Include="texture.h">
      <Filter>Header Files</Filter>
    </ClInclude>
    <ClInclude Include="image.h">
      <Filter>Header Files</Filter>
    </ClInclude>
    <ClInclude Include="utils_cuda.h">
      <Filter>Header Files</Filter>
    </ClInclude>
  </ItemGroup>
  <ItemGroup>
    <ClCompile Include="main.cpp">
      <Filter>Source Files</Filter>
    </ClCompile>
    <ClCompile Include="game_loading.cpp">
      <Filter>Source Files</Filter>
    </ClCompile>
    <ClCompile Include="utils_implementations.cpp">
      <Filter>Source Files</Filter>
    </ClCompile>
    <ClCompile Include="mains_wrapper.cpp">
      <Filter>Source Files</Filter>
    </ClCompile>
  </ItemGroup>
  <ItemGroup>
    <CudaCompile Include="kernel.cu">
      <Filter>Source Files</Filter>
    </CudaCompile>
    <CudaCompile Include="game.cu">
      <Filter>Source Files</Filter>
    </CudaCompile>
    <CudaCompile Include="texture.cu">
      <Filter>Source Files</Filter>
    </CudaCompile>
    <CudaCompile Include="renderer.cu">
      <Filter>Source Files</Filter>
    </CudaCompile>
  </ItemGroup>
</Project>